// !$*UTF8*$!
{
	archiveVersion = 1;
	classes = {
	};
	objectVersion = 56;
	objects = {

/* Begin PBXBuildFile section */
		084C7A4F2972028F009B6B45 /* AppDelegate.swift in Sources */ = {isa = PBXBuildFile; fileRef = 084C7A4E2972028F009B6B45 /* AppDelegate.swift */; };
		084C7A512972028F009B6B45 /* SceneDelegate.swift in Sources */ = {isa = PBXBuildFile; fileRef = 084C7A502972028F009B6B45 /* SceneDelegate.swift */; };
		084C7A532972028F009B6B45 /* ViewController.swift in Sources */ = {isa = PBXBuildFile; fileRef = 084C7A522972028F009B6B45 /* ViewController.swift */; };
		084C7A562972028F009B6B45 /* Main.storyboard in Resources */ = {isa = PBXBuildFile; fileRef = 084C7A542972028F009B6B45 /* Main.storyboard */; };
		084C7A5829720290009B6B45 /* Assets.xcassets in Resources */ = {isa = PBXBuildFile; fileRef = 084C7A5729720290009B6B45 /* Assets.xcassets */; };
		084C7A5B29720290009B6B45 /* LaunchScreen.storyboard in Resources */ = {isa = PBXBuildFile; fileRef = 084C7A5929720290009B6B45 /* LaunchScreen.storyboard */; };
		084C7A6629720290009B6B45 /* HighWatersTests.swift in Sources */ = {isa = PBXBuildFile; fileRef = 084C7A6529720290009B6B45 /* HighWatersTests.swift */; };
		084C7A7029720290009B6B45 /* HighWatersUITests.swift in Sources */ = {isa = PBXBuildFile; fileRef = 084C7A6F29720290009B6B45 /* HighWatersUITests.swift */; };
		084C7A7229720290009B6B45 /* HighWatersUITestsLaunchTests.swift in Sources */ = {isa = PBXBuildFile; fileRef = 084C7A7129720290009B6B45 /* HighWatersUITestsLaunchTests.swift */; };
		08B9EFA32972A08B00FF7241 /* GoogleService-Info.plist in Resources */ = {isa = PBXBuildFile; fileRef = 08B9EFA22972A08B00FF7241 /* GoogleService-Info.plist */; };
/* End PBXBuildFile section */

/* Begin PBXContainerItemProxy section */
		084C7A6229720290009B6B45 /* PBXContainerItemProxy */ = {
			isa = PBXContainerItemProxy;
			containerPortal = 084C7A432972028F009B6B45 /* Project object */;
			proxyType = 1;
			remoteGlobalIDString = 084C7A4A2972028F009B6B45;
			remoteInfo = HighWaters;
		};
		084C7A6C29720290009B6B45 /* PBXContainerItemProxy */ = {
			isa = PBXContainerItemProxy;
			containerPortal = 084C7A432972028F009B6B45 /* Project object */;
			proxyType = 1;
			remoteGlobalIDString = 084C7A4A2972028F009B6B45;
			remoteInfo = HighWaters;
		};
/* End PBXContainerItemProxy section */

/* Begin PBXFileReference section */
		084C7A4B2972028F009B6B45 /* HighWaters.app */ = {isa = PBXFileReference; explicitFileType = wrapper.application; includeInIndex = 0; path = HighWaters.app; sourceTree = BUILT_PRODUCTS_DIR; };
		084C7A4E2972028F009B6B45 /* AppDelegate.swift */ = {isa = PBXFileReference; lastKnownFileType = sourcecode.swift; path = AppDelegate.swift; sourceTree = "<group>"; };
		084C7A502972028F009B6B45 /* SceneDelegate.swift */ = {isa = PBXFileReference; lastKnownFileType = sourcecode.swift; path = SceneDelegate.swift; sourceTree = "<group>"; };
		084C7A522972028F009B6B45 /* ViewController.swift */ = {isa = PBXFileReference; lastKnownFileType = sourcecode.swift; path = ViewController.swift; sourceTree = "<group>"; };
		084C7A552972028F009B6B45 /* Base */ = {isa = PBXFileReference; lastKnownFileType = file.storyboard; name = Base; path = Base.lproj/Main.storyboard; sourceTree = "<group>"; };
		084C7A5729720290009B6B45 /* Assets.xcassets */ = {isa = PBXFileReference; lastKnownFileType = folder.assetcatalog; path = Assets.xcassets; sourceTree = "<group>"; };
		084C7A5A29720290009B6B45 /* Base */ = {isa = PBXFileReference; lastKnownFileType = file.storyboard; name = Base; path = Base.lproj/LaunchScreen.storyboard; sourceTree = "<group>"; };
		084C7A5C29720290009B6B45 /* Info.plist */ = {isa = PBXFileReference; lastKnownFileType = text.plist.xml; path = Info.plist; sourceTree = "<group>"; };
		084C7A6129720290009B6B45 /* HighWatersTests.xctest */ = {isa = PBXFileReference; explicitFileType = wrapper.cfbundle; includeInIndex = 0; path = HighWatersTests.xctest; sourceTree = BUILT_PRODUCTS_DIR; };
		084C7A6529720290009B6B45 /* HighWatersTests.swift */ = {isa = PBXFileReference; lastKnownFileType = sourcecode.swift; path = HighWatersTests.swift; sourceTree = "<group>"; };
		084C7A6B29720290009B6B45 /* HighWatersUITests.xctest */ = {isa = PBXFileReference; explicitFileType = wrapper.cfbundle; includeInIndex = 0; path = HighWatersUITests.xctest; sourceTree = BUILT_PRODUCTS_DIR; };
		084C7A6F29720290009B6B45 /* HighWatersUITests.swift */ = {isa = PBXFileReference; lastKnownFileType = sourcecode.swift; path = HighWatersUITests.swift; sourceTree = "<group>"; };
		084C7A7129720290009B6B45 /* HighWatersUITestsLaunchTests.swift */ = {isa = PBXFileReference; lastKnownFileType = sourcecode.swift; path = HighWatersUITestsLaunchTests.swift; sourceTree = "<group>"; };
		08B9EFA22972A08B00FF7241 /* GoogleService-Info.plist */ = {isa = PBXFileReference; fileEncoding = 4; lastKnownFileType = text.plist.xml; name = "GoogleService-Info.plist"; path = "../../../GoogleService-Info.plist"; sourceTree = "<group>"; };
/* End PBXFileReference section */

/* Begin PBXFrameworksBuildPhase section */
		084C7A482972028F009B6B45 /* Frameworks */ = {
			isa = PBXFrameworksBuildPhase;
			buildActionMask = 2147483647;
			files = (
			);
			runOnlyForDeploymentPostprocessing = 0;
		};
		084C7A5E29720290009B6B45 /* Frameworks */ = {
			isa = PBXFrameworksBuildPhase;
			buildActionMask = 2147483647;
			files = (
			);
			runOnlyForDeploymentPostprocessing = 0;
		};
		084C7A6829720290009B6B45 /* Frameworks */ = {
			isa = PBXFrameworksBuildPhase;
			buildActionMask = 2147483647;
			files = (
			);
			runOnlyForDeploymentPostprocessing = 0;
		};
/* End PBXFrameworksBuildPhase section */

/* Begin PBXGroup section */
		084C7A422972028F009B6B45 = {
			isa = PBXGroup;
			children = (
				084C7A4D2972028F009B6B45 /* HighWaters */,
				084C7A6429720290009B6B45 /* HighWatersTests */,
				084C7A6E29720290009B6B45 /* HighWatersUITests */,
				084C7A4C2972028F009B6B45 /* Products */,
			);
			sourceTree = "<group>";
		};
		084C7A4C2972028F009B6B45 /* Products */ = {
			isa = PBXGroup;
			children = (
				084C7A4B2972028F009B6B45 /* HighWaters.app */,
				084C7A6129720290009B6B45 /* HighWatersTests.xctest */,
				084C7A6B29720290009B6B45 /* HighWatersUITests.xctest */,
			);
			name = Products;
			sourceTree = "<group>";
		};
		084C7A4D2972028F009B6B45 /* HighWaters */ = {
			isa = PBXGroup;
			children = (
				084C7A4E2972028F009B6B45 /* AppDelegate.swift */,
				084C7A502972028F009B6B45 /* SceneDelegate.swift */,
				084C7A522972028F009B6B45 /* ViewController.swift */,
				084C7A542972028F009B6B45 /* Main.storyboard */,
				084C7A5729720290009B6B45 /* Assets.xcassets */,
				084C7A5929720290009B6B45 /* LaunchScreen.storyboard */,
				084C7A5C29720290009B6B45 /* Info.plist */,
				08B9EFA22972A08B00FF7241 /* GoogleService-Info.plist */,
			);
			path = HighWaters;
			sourceTree = "<group>";
		};
		084C7A6429720290009B6B45 /* HighWatersTests */ = {
			isa = PBXGroup;
			children = (
				084C7A6529720290009B6B45 /* HighWatersTests.swift */,
			);
			path = HighWatersTests;
			sourceTree = "<group>";
		};
		084C7A6E29720290009B6B45 /* HighWatersUITests */ = {
			isa = PBXGroup;
			children = (
				084C7A6F29720290009B6B45 /* HighWatersUITests.swift */,
				084C7A7129720290009B6B45 /* HighWatersUITestsLaunchTests.swift */,
			);
			path = HighWatersUITests;
			sourceTree = "<group>";
		};
/* End PBXGroup section */

/* Begin PBXNativeTarget section */
		084C7A4A2972028F009B6B45 /* HighWaters */ = {
			isa = PBXNativeTarget;
			buildConfigurationList = 084C7A7529720290009B6B45 /* Build configuration list for PBXNativeTarget "HighWaters" */;
			buildPhases = (
				084C7A472972028F009B6B45 /* Sources */,
				084C7A482972028F009B6B45 /* Frameworks */,
				084C7A492972028F009B6B45 /* Resources */,
			);
			buildRules = (
			);
			dependencies = (
			);
			name = HighWaters;
			productName = HighWaters;
			productReference = 084C7A4B2972028F009B6B45 /* HighWaters.app */;
			productType = "com.apple.product-type.application";
		};
		084C7A6029720290009B6B45 /* HighWatersTests */ = {
			isa = PBXNativeTarget;
			buildConfigurationList = 084C7A7829720290009B6B45 /* Build configuration list for PBXNativeTarget "HighWatersTests" */;
			buildPhases = (
				084C7A5D29720290009B6B45 /* Sources */,
				084C7A5E29720290009B6B45 /* Frameworks */,
				084C7A5F29720290009B6B45 /* Resources */,
			);
			buildRules = (
			);
			dependencies = (
				084C7A6329720290009B6B45 /* PBXTargetDependency */,
			);
			name = HighWatersTests;
			productName = HighWatersTests;
			productReference = 084C7A6129720290009B6B45 /* HighWatersTests.xctest */;
			productType = "com.apple.product-type.bundle.unit-test";
		};
		084C7A6A29720290009B6B45 /* HighWatersUITests */ = {
			isa = PBXNativeTarget;
			buildConfigurationList = 084C7A7B29720290009B6B45 /* Build configuration list for PBXNativeTarget "HighWatersUITests" */;
			buildPhases = (
				084C7A6729720290009B6B45 /* Sources */,
				084C7A6829720290009B6B45 /* Frameworks */,
				084C7A6929720290009B6B45 /* Resources */,
			);
			buildRules = (
			);
			dependencies = (
				084C7A6D29720290009B6B45 /* PBXTargetDependency */,
			);
			name = HighWatersUITests;
			productName = HighWatersUITests;
			productReference = 084C7A6B29720290009B6B45 /* HighWatersUITests.xctest */;
			productType = "com.apple.product-type.bundle.ui-testing";
		};
/* End PBXNativeTarget section */

/* Begin PBXProject section */
		084C7A432972028F009B6B45 /* Project object */ = {
			isa = PBXProject;
			attributes = {
				BuildIndependentTargetsInParallel = 1;
				LastSwiftUpdateCheck = 1420;
				LastUpgradeCheck = 1420;
				TargetAttributes = {
					084C7A4A2972028F009B6B45 = {
						CreatedOnToolsVersion = 14.2;
					};
					084C7A6029720290009B6B45 = {
						CreatedOnToolsVersion = 14.2;
						TestTargetID = 084C7A4A2972028F009B6B45;
					};
					084C7A6A29720290009B6B45 = {
						CreatedOnToolsVersion = 14.2;
						TestTargetID = 084C7A4A2972028F009B6B45;
					};
				};
			};
			buildConfigurationList = 084C7A462972028F009B6B45 /* Build configuration list for PBXProject "HighWaters" */;
			compatibilityVersion = "Xcode 14.0";
			developmentRegion = en;
			hasScannedForEncodings = 0;
			knownRegions = (
				en,
				Base,
			);
			mainGroup = 084C7A422972028F009B6B45;
			productRefGroup = 084C7A4C2972028F009B6B45 /* Products */;
			projectDirPath = "";
			projectRoot = "";
			targets = (
				084C7A4A2972028F009B6B45 /* HighWaters */,
				084C7A6029720290009B6B45 /* HighWatersTests */,
				084C7A6A29720290009B6B45 /* HighWatersUITests */,
			);
		};
/* End PBXProject section */

/* Begin PBXResourcesBuildPhase section */
		084C7A492972028F009B6B45 /* Resources */ = {
			isa = PBXResourcesBuildPhase;
			buildActionMask = 2147483647;
			files = (
				084C7A5B29720290009B6B45 /* LaunchScreen.storyboard in Resources */,
				08B9EFA32972A08B00FF7241 /* GoogleService-Info.plist in Resources */,
				084C7A5829720290009B6B45 /* Assets.xcassets in Resources */,
				084C7A562972028F009B6B45 /* Main.storyboard in Resources */,
			);
			runOnlyForDeploymentPostprocessing = 0;
		};
		084C7A5F29720290009B6B45 /* Resources */ = {
			isa = PBXResourcesBuildPhase;
			buildActionMask = 2147483647;
			files = (
			);
			runOnlyForDeploymentPostprocessing = 0;
		};
		084C7A6929720290009B6B45 /* Resources */ = {
			isa = PBXResourcesBuildPhase;
			buildActionMask = 2147483647;
			files = (
			);
			runOnlyForDeploymentPostprocessing = 0;
		};
/* End PBXResourcesBuildPhase section */

/* Begin PBXSourcesBuildPhase section */
		084C7A472972028F009B6B45 /* Sources */ = {
			isa = PBXSourcesBuildPhase;
			buildActionMask = 2147483647;
			files = (
				084C7A532972028F009B6B45 /* ViewController.swift in Sources */,
				084C7A4F2972028F009B6B45 /* AppDelegate.swift in Sources */,
				084C7A512972028F009B6B45 /* SceneDelegate.swift in Sources */,
			);
			runOnlyForDeploymentPostprocessing = 0;
		};
		084C7A5D29720290009B6B45 /* Sources */ = {
			isa = PBXSourcesBuildPhase;
			buildActionMask = 2147483647;
			files = (
				084C7A6629720290009B6B45 /* HighWatersTests.swift in Sources */,
			);
			runOnlyForDeploymentPostprocessing = 0;
		};
		084C7A6729720290009B6B45 /* Sources */ = {
			isa = PBXSourcesBuildPhase;
			buildActionMask = 2147483647;
			files = (
				084C7A7229720290009B6B45 /* HighWatersUITestsLaunchTests.swift in Sources */,
				084C7A7029720290009B6B45 /* HighWatersUITests.swift in Sources */,
			);
			runOnlyForDeploymentPostprocessing = 0;
		};
/* End PBXSourcesBuildPhase section */

/* Begin PBXTargetDependency section */
		084C7A6329720290009B6B45 /* PBXTargetDependency */ = {
			isa = PBXTargetDependency;
			target = 084C7A4A2972028F009B6B45 /* HighWaters */;
			targetProxy = 084C7A6229720290009B6B45 /* PBXContainerItemProxy */;
		};
		084C7A6D29720290009B6B45 /* PBXTargetDependency */ = {
			isa = PBXTargetDependency;
			target = 084C7A4A2972028F009B6B45 /* HighWaters */;
			targetProxy = 084C7A6C29720290009B6B45 /* PBXContainerItemProxy */;
		};
/* End PBXTargetDependency section */

/* Begin PBXVariantGroup section */
		084C7A542972028F009B6B45 /* Main.storyboard */ = {
			isa = PBXVariantGroup;
			children = (
				084C7A552972028F009B6B45 /* Base */,
			);
			name = Main.storyboard;
			sourceTree = "<group>";
		};
		084C7A5929720290009B6B45 /* LaunchScreen.storyboard */ = {
			isa = PBXVariantGroup;
			children = (
				084C7A5A29720290009B6B45 /* Base */,
			);
			name = LaunchScreen.storyboard;
			sourceTree = "<group>";
		};
/* End PBXVariantGroup section */

/* Begin XCBuildConfiguration section */
		084C7A7329720290009B6B45 /* Debug */ = {
			isa = XCBuildConfiguration;
			buildSettings = {
				ALWAYS_SEARCH_USER_PATHS = NO;
				CLANG_ANALYZER_NONNULL = YES;
				CLANG_ANALYZER_NUMBER_OBJECT_CONVERSION = YES_AGGRESSIVE;
				CLANG_CXX_LANGUAGE_STANDARD = "gnu++20";
				CLANG_ENABLE_MODULES = YES;
				CLANG_ENABLE_OBJC_ARC = YES;
				CLANG_ENABLE_OBJC_WEAK = YES;
				CLANG_WARN_BLOCK_CAPTURE_AUTORELEASING = YES;
				CLANG_WARN_BOOL_CONVERSION = YES;
				CLANG_WARN_COMMA = YES;
				CLANG_WARN_CONSTANT_CONVERSION = YES;
				CLANG_WARN_DEPRECATED_OBJC_IMPLEMENTATIONS = YES;
				CLANG_WARN_DIRECT_OBJC_ISA_USAGE = YES_ERROR;
				CLANG_WARN_DOCUMENTATION_COMMENTS = YES;
				CLANG_WARN_EMPTY_BODY = YES;
				CLANG_WARN_ENUM_CONVERSION = YES;
				CLANG_WARN_INFINITE_RECURSION = YES;
				CLANG_WARN_INT_CONVERSION = YES;
				CLANG_WARN_NON_LITERAL_NULL_CONVERSION = YES;
				CLANG_WARN_OBJC_IMPLICIT_RETAIN_SELF = YES;
				CLANG_WARN_OBJC_LITERAL_CONVERSION = YES;
				CLANG_WARN_OBJC_ROOT_CLASS = YES_ERROR;
				CLANG_WARN_QUOTED_INCLUDE_IN_FRAMEWORK_HEADER = YES;
				CLANG_WARN_RANGE_LOOP_ANALYSIS = YES;
				CLANG_WARN_STRICT_PROTOTYPES = YES;
				CLANG_WARN_SUSPICIOUS_MOVE = YES;
				CLANG_WARN_UNGUARDED_AVAILABILITY = YES_AGGRESSIVE;
				CLANG_WARN_UNREACHABLE_CODE = YES;
				CLANG_WARN__DUPLICATE_METHOD_MATCH = YES;
				COPY_PHASE_STRIP = NO;
				DEBUG_INFORMATION_FORMAT = dwarf;
				ENABLE_STRICT_OBJC_MSGSEND = YES;
				ENABLE_TESTABILITY = YES;
				GCC_C_LANGUAGE_STANDARD = gnu11;
				GCC_DYNAMIC_NO_PIC = NO;
				GCC_NO_COMMON_BLOCKS = YES;
				GCC_OPTIMIZATION_LEVEL = 0;
				GCC_PREPROCESSOR_DEFINITIONS = (
					"DEBUG=1",
					"$(inherited)",
				);
				GCC_WARN_64_TO_32_BIT_CONVERSION = YES;
				GCC_WARN_ABOUT_RETURN_TYPE = YES_ERROR;
				GCC_WARN_UNDECLARED_SELECTOR = YES;
				GCC_WARN_UNINITIALIZED_AUTOS = YES_AGGRESSIVE;
				GCC_WARN_UNUSED_FUNCTION = YES;
				GCC_WARN_UNUSED_VARIABLE = YES;
				IPHONEOS_DEPLOYMENT_TARGET = 16.2;
				MTL_ENABLE_DEBUG_INFO = INCLUDE_SOURCE;
				MTL_FAST_MATH = YES;
				ONLY_ACTIVE_ARCH = YES;
				SDKROOT = iphoneos;
				SWIFT_ACTIVE_COMPILATION_CONDITIONS = DEBUG;
				SWIFT_OPTIMIZATION_LEVEL = "-Onone";
			};
			name = Debug;
		};
		084C7A7429720290009B6B45 /* Release */ = {
			isa = XCBuildConfiguration;
			buildSettings = {
				ALWAYS_SEARCH_USER_PATHS = NO;
				CLANG_ANALYZER_NONNULL = YES;
				CLANG_ANALYZER_NUMBER_OBJECT_CONVERSION = YES_AGGRESSIVE;
				CLANG_CXX_LANGUAGE_STANDARD = "gnu++20";
				CLANG_ENABLE_MODULES = YES;
				CLANG_ENABLE_OBJC_ARC = YES;
				CLANG_ENABLE_OBJC_WEAK = YES;
				CLANG_WARN_BLOCK_CAPTURE_AUTORELEASING = YES;
				CLANG_WARN_BOOL_CONVERSION = YES;
				CLANG_WARN_COMMA = YES;
				CLANG_WARN_CONSTANT_CONVERSION = YES;
				CLANG_WARN_DEPRECATED_OBJC_IMPLEMENTATIONS = YES;
				CLANG_WARN_DIRECT_OBJC_ISA_USAGE = YES_ERROR;
				CLANG_WARN_DOCUMENTATION_COMMENTS = YES;
				CLANG_WARN_EMPTY_BODY = YES;
				CLANG_WARN_ENUM_CONVERSION = YES;
				CLANG_WARN_INFINITE_RECURSION = YES;
				CLANG_WARN_INT_CONVERSION = YES;
				CLANG_WARN_NON_LITERAL_NULL_CONVERSION = YES;
				CLANG_WARN_OBJC_IMPLICIT_RETAIN_SELF = YES;
				CLANG_WARN_OBJC_LITERAL_CONVERSION = YES;
				CLANG_WARN_OBJC_ROOT_CLASS = YES_ERROR;
				CLANG_WARN_QUOTED_INCLUDE_IN_FRAMEWORK_HEADER = YES;
				CLANG_WARN_RANGE_LOOP_ANALYSIS = YES;
				CLANG_WARN_STRICT_PROTOTYPES = YES;
				CLANG_WARN_SUSPICIOUS_MOVE = YES;
				CLANG_WARN_UNGUARDED_AVAILABILITY = YES_AGGRESSIVE;
				CLANG_WARN_UNREACHABLE_CODE = YES;
				CLANG_WARN__DUPLICATE_METHOD_MATCH = YES;
				COPY_PHASE_STRIP = NO;
				DEBUG_INFORMATION_FORMAT = "dwarf-with-dsym";
				ENABLE_NS_ASSERTIONS = NO;
				ENABLE_STRICT_OBJC_MSGSEND = YES;
				GCC_C_LANGUAGE_STANDARD = gnu11;
				GCC_NO_COMMON_BLOCKS = YES;
				GCC_WARN_64_TO_32_BIT_CONVERSION = YES;
				GCC_WARN_ABOUT_RETURN_TYPE = YES_ERROR;
				GCC_WARN_UNDECLARED_SELECTOR = YES;
				GCC_WARN_UNINITIALIZED_AUTOS = YES_AGGRESSIVE;
				GCC_WARN_UNUSED_FUNCTION = YES;
				GCC_WARN_UNUSED_VARIABLE = YES;
				IPHONEOS_DEPLOYMENT_TARGET = 16.2;
				MTL_ENABLE_DEBUG_INFO = NO;
				MTL_FAST_MATH = YES;
				SDKROOT = iphoneos;
				SWIFT_COMPILATION_MODE = wholemodule;
				SWIFT_OPTIMIZATION_LEVEL = "-O";
				VALIDATE_PRODUCT = YES;
			};
			name = Release;
		};
		084C7A7629720290009B6B45 /* Debug */ = {
			isa = XCBuildConfiguration;
			buildSettings = {
				ASSETCATALOG_COMPILER_APPICON_NAME = AppIcon;
				ASSETCATALOG_COMPILER_GLOBAL_ACCENT_COLOR_NAME = AccentColor;
				CODE_SIGN_STYLE = Automatic;
				CURRENT_PROJECT_VERSION = 1;
				GENERATE_INFOPLIST_FILE = YES;
				INFOPLIST_FILE = HighWaters/Info.plist;
				INFOPLIST_KEY_UIApplicationSupportsIndirectInputEvents = YES;
				INFOPLIST_KEY_UILaunchStoryboardName = LaunchScreen;
				INFOPLIST_KEY_UIMainStoryboardFile = Main;
				INFOPLIST_KEY_UISupportedInterfaceOrientations_iPad = "UIInterfaceOrientationPortrait UIInterfaceOrientationPortraitUpsideDown UIInterfaceOrientationLandscapeLeft UIInterfaceOrientationLandscapeRight";
				INFOPLIST_KEY_UISupportedInterfaceOrientations_iPhone = "UIInterfaceOrientationPortrait UIInterfaceOrientationLandscapeLeft UIInterfaceOrientationLandscapeRight";
				LD_RUNPATH_SEARCH_PATHS = (
					"$(inherited)",
					"@executable_path/Frameworks",
				);
				MARKETING_VERSION = 1.0;
				PRODUCT_BUNDLE_IDENTIFIER = com.akoshe.HighWaters;
				PRODUCT_NAME = "$(TARGET_NAME)";
				SWIFT_EMIT_LOC_STRINGS = YES;
				SWIFT_VERSION = 5.0;
				TARGETED_DEVICE_FAMILY = "1,2";
			};
			name = Debug;
		};
		084C7A7729720290009B6B45 /* Release */ = {
			isa = XCBuildConfiguration;
			buildSettings = {
				ASSETCATALOG_COMPILER_APPICON_NAME = AppIcon;
				ASSETCATALOG_COMPILER_GLOBAL_ACCENT_COLOR_NAME = AccentColor;
				CODE_SIGN_STYLE = Automatic;
				CURRENT_PROJECT_VERSION = 1;
				GENERATE_INFOPLIST_FILE = YES;
				INFOPLIST_FILE = HighWaters/Info.plist;
				INFOPLIST_KEY_UIApplicationSupportsIndirectInputEvents = YES;
				INFOPLIST_KEY_UILaunchStoryboardName = LaunchScreen;
				INFOPLIST_KEY_UIMainStoryboardFile = Main;
				INFOPLIST_KEY_UISupportedInterfaceOrientations_iPad = "UIInterfaceOrientationPortrait UIInterfaceOrientationPortraitUpsideDown UIInterfaceOrientationLandscapeLeft UIInterfaceOrientationLandscapeRight";
				INFOPLIST_KEY_UISupportedInterfaceOrientations_iPhone = "UIInterfaceOrientationPortrait UIInterfaceOrientationLandscapeLeft UIInterfaceOrientationLandscapeRight";
				LD_RUNPATH_SEARCH_PATHS = (
					"$(inherited)",
					"@executable_path/Frameworks",
				);
				MARKETING_VERSION = 1.0;
				PRODUCT_BUNDLE_IDENTIFIER = com.akoshe.HighWaters;
				PRODUCT_NAME = "$(TARGET_NAME)";
				SWIFT_EMIT_LOC_STRINGS = YES;
				SWIFT_VERSION = 5.0;
				TARGETED_DEVICE_FAMILY = "1,2";
			};
			name = Release;
		};
		084C7A7929720290009B6B45 /* Debug */ = {
			isa = XCBuildConfiguration;
			buildSettings = {
				ALWAYS_EMBED_SWIFT_STANDARD_LIBRARIES = YES;
				BUNDLE_LOADER = "$(TEST_HOST)";
				CODE_SIGN_STYLE = Automatic;
				CURRENT_PROJECT_VERSION = 1;
				GENERATE_INFOPLIST_FILE = YES;
				IPHONEOS_DEPLOYMENT_TARGET = 16.2;
				MARKETING_VERSION = 1.0;
				PRODUCT_BUNDLE_IDENTIFIER = com.akoshe.HighWatersTests;
				PRODUCT_NAME = "$(TARGET_NAME)";
				SWIFT_EMIT_LOC_STRINGS = NO;
				SWIFT_VERSION = 5.0;
				TARGETED_DEVICE_FAMILY = "1,2";
				TEST_HOST = "$(BUILT_PRODUCTS_DIR)/HighWaters.app/$(BUNDLE_EXECUTABLE_FOLDER_PATH)/HighWaters";
			};
			name = Debug;
		};
		084C7A7A29720290009B6B45 /* Release */ = {
			isa = XCBuildConfiguration;
			buildSettings = {
				ALWAYS_EMBED_SWIFT_STANDARD_LIBRARIES = YES;
				BUNDLE_LOADER = "$(TEST_HOST)";
				CODE_SIGN_STYLE = Automatic;
				CURRENT_PROJECT_VERSION = 1;
				GENERATE_INFOPLIST_FILE = YES;
				IPHONEOS_DEPLOYMENT_TARGET = 16.2;
				MARKETING_VERSION = 1.0;
				PRODUCT_BUNDLE_IDENTIFIER = com.akoshe.HighWatersTests;
				PRODUCT_NAME = "$(TARGET_NAME)";
				SWIFT_EMIT_LOC_STRINGS = NO;
				SWIFT_VERSION = 5.0;
				TARGETED_DEVICE_FAMILY = "1,2";
				TEST_HOST = "$(BUILT_PRODUCTS_DIR)/HighWaters.app/$(BUNDLE_EXECUTABLE_FOLDER_PATH)/HighWaters";
			};
			name = Release;
		};
		084C7A7C29720290009B6B45 /* Debug */ = {
			isa = XCBuildConfiguration;
			buildSettings = {
				ALWAYS_EMBED_SWIFT_STANDARD_LIBRARIES = YES;
				CODE_SIGN_STYLE = Automatic;
				CURRENT_PROJECT_VERSION = 1;
				GENERATE_INFOPLIST_FILE = YES;
				MARKETING_VERSION = 1.0;
				PRODUCT_BUNDLE_IDENTIFIER = com.akoshe.HighWatersUITests;
				PRODUCT_NAME = "$(TARGET_NAME)";
				SWIFT_EMIT_LOC_STRINGS = NO;
				SWIFT_VERSION = 5.0;
				TARGETED_DEVICE_FAMILY = "1,2";
				TEST_TARGET_NAME = HighWaters;
			};
			name = Debug;
		};
		084C7A7D29720290009B6B45 /* Release */ = {
			isa = XCBuildConfiguration;
			buildSettings = {
				ALWAYS_EMBED_SWIFT_STANDARD_LIBRARIES = YES;
				CODE_SIGN_STYLE = Automatic;
				CURRENT_PROJECT_VERSION = 1;
				GENERATE_INFOPLIST_FILE = YES;
				MARKETING_VERSION = 1.0;
				PRODUCT_BUNDLE_IDENTIFIER = com.akoshe.HighWatersUITests;
				PRODUCT_NAME = "$(TARGET_NAME)";
				SWIFT_EMIT_LOC_STRINGS = NO;
				SWIFT_VERSION = 5.0;
				TARGETED_DEVICE_FAMILY = "1,2";
				TEST_TARGET_NAME = HighWaters;
			};
			name = Release;
		};
/* End XCBuildConfiguration section */

/* Begin XCConfigurationList section */
		084C7A462972028F009B6B45 /* Build configuration list for PBXProject "HighWaters" */ = {
			isa = XCConfigurationList;
			buildConfigurations = (
				084C7A7329720290009B6B45 /* Debug */,
				084C7A7429720290009B6B45 /* Release */,
			);
			defaultConfigurationIsVisible = 0;
			defaultConfigurationName = Release;
		};
		084C7A7529720290009B6B45 /* Build configuration list for PBXNativeTarget "HighWaters" */ = {
			isa = XCConfigurationList;
			buildConfigurations = (
				084C7A7629720290009B6B45 /* Debug */,
				084C7A7729720290009B6B45 /* Release */,
			);
			defaultConfigurationIsVisible = 0;
			defaultConfigurationName = Release;
		};
		084C7A7829720290009B6B45 /* Build configuration list for PBXNativeTarget "HighWatersTests" */ = {
			isa = XCConfigurationList;
			buildConfigurations = (
				084C7A7929720290009B6B45 /* Debug */,
				084C7A7A29720290009B6B45 /* Release */,
			);
			defaultConfigurationIsVisible = 0;
			defaultConfigurationName = Release;
		};
		084C7A7B29720290009B6B45 /* Build configuration list for PBXNativeTarget "HighWatersUITests" */ = {
			isa = XCConfigurationList;
			buildConfigurations = (
				084C7A7C29720290009B6B45 /* Debug */,
				084C7A7D29720290009B6B45 /* Release */,
			);
			defaultConfigurationIsVisible = 0;
			defaultConfigurationName = Release;
		};
/* End XCConfigurationList section */
	};
	rootObject = 084C7A432972028F009B6B45 /* Project object */;
}
